// !$*UTF8*$!
{
	archiveVersion = 1;
	classes = {
	};
	objectVersion = 50;
	objects = {

/* Begin PBXBuildFile section */
		1D0E0B702507787F0035FF8E /* RPToastView.h in Headers */ = {isa = PBXBuildFile; fileRef = 1D0E0B6E2507787F0035FF8E /* RPToastView.h */; settings = {ATTRIBUTES = (Public, ); }; };
		1D0E0B74250778C90035FF8E /* RPToastView.swift in Headers */ = {isa = PBXBuildFile; fileRef = 9EDA4F5E22C609DE00A99C9A /* RPToastView.swift */; settings = {ATTRIBUTES = (Public, ); }; };
		1D0E0B75250778C90035FF8E /* RPLoadingDrakMode.swift in Headers */ = {isa = PBXBuildFile; fileRef = 1D487311250757F40049344D /* RPLoadingDrakMode.swift */; settings = {ATTRIBUTES = (Public, ); }; };
		1D0E0B76250778F40035FF8E /* RPLodingView.swift in Headers */ = {isa = PBXBuildFile; fileRef = 9EDAB56122C9AAF800C05CEC /* RPLodingView.swift */; };
		1D0E0B77250778F40035FF8E /* RPSubToastView.swift in Headers */ = {isa = PBXBuildFile; fileRef = 9EDA4F5D22C609DE00A99C9A /* RPSubToastView.swift */; };
		1D487312250757F40049344D /* RPLoadingDrakMode.swift in Sources */ = {isa = PBXBuildFile; fileRef = 1D487311250757F40049344D /* RPLoadingDrakMode.swift */; };
		1D91862423029202003AAC93 /* LTToastView.m in Sources */ = {isa = PBXBuildFile; fileRef = 1D91862223029202003AAC93 /* LTToastView.m */; };
		9EDA4F4B22C609B700A99C9A /* AppDelegate.swift in Sources */ = {isa = PBXBuildFile; fileRef = 9EDA4F4A22C609B700A99C9A /* AppDelegate.swift */; };
		9EDA4F4D22C609B700A99C9A /* ViewController.swift in Sources */ = {isa = PBXBuildFile; fileRef = 9EDA4F4C22C609B700A99C9A /* ViewController.swift */; };
		9EDA4F5022C609B700A99C9A /* Main.storyboard in Resources */ = {isa = PBXBuildFile; fileRef = 9EDA4F4E22C609B700A99C9A /* Main.storyboard */; };
		9EDA4F5222C609B700A99C9A /* Assets.xcassets in Resources */ = {isa = PBXBuildFile; fileRef = 9EDA4F5122C609B700A99C9A /* Assets.xcassets */; };
		9EDA4F5522C609B700A99C9A /* LaunchScreen.storyboard in Resources */ = {isa = PBXBuildFile; fileRef = 9EDA4F5322C609B700A99C9A /* LaunchScreen.storyboard */; };
		9EDA4F5F22C609DE00A99C9A /* RPSubToastView.swift in Sources */ = {isa = PBXBuildFile; fileRef = 9EDA4F5D22C609DE00A99C9A /* RPSubToastView.swift */; };
		9EDA4F6022C609DE00A99C9A /* RPToastView.swift in Sources */ = {isa = PBXBuildFile; fileRef = 9EDA4F5E22C609DE00A99C9A /* RPToastView.swift */; };
		9EDAB56222C9AAF800C05CEC /* RPLodingView.swift in Sources */ = {isa = PBXBuildFile; fileRef = 9EDAB56122C9AAF800C05CEC /* RPLodingView.swift */; };
/* End PBXBuildFile section */

/* Begin PBXCopyFilesBuildPhase section */
		1D0E0B23250773EF0035FF8E /* Embed Frameworks */ = {
			isa = PBXCopyFilesBuildPhase;
			buildActionMask = 2147483647;
			dstPath = "";
			dstSubfolderSpec = 10;
			files = (
			);
			name = "Embed Frameworks";
			runOnlyForDeploymentPostprocessing = 0;
		};
/* End PBXCopyFilesBuildPhase section */

/* Begin PBXFileReference section */
		1D0E0B1C250773EF0035FF8E /* RPToastView.h */ = {isa = PBXFileReference; lastKnownFileType = sourcecode.c.h; path = RPToastView.h; sourceTree = "<group>"; };
		1D0E0B1D250773EF0035FF8E /* Info.plist */ = {isa = PBXFileReference; lastKnownFileType = text.plist.xml; path = Info.plist; sourceTree = "<group>"; };
		1D0E0B6C2507787F0035FF8E /* RPToastView.framework */ = {isa = PBXFileReference; explicitFileType = wrapper.framework; includeInIndex = 0; path = RPToastView.framework; sourceTree = BUILT_PRODUCTS_DIR; };
		1D0E0B6E2507787F0035FF8E /* RPToastView.h */ = {isa = PBXFileReference; lastKnownFileType = sourcecode.c.h; path = RPToastView.h; sourceTree = "<group>"; };
		1D0E0B6F2507787F0035FF8E /* Info.plist */ = {isa = PBXFileReference; lastKnownFileType = text.plist.xml; path = Info.plist; sourceTree = "<group>"; };
		1D487311250757F40049344D /* RPLoadingDrakMode.swift */ = {isa = PBXFileReference; lastKnownFileType = sourcecode.swift; path = RPLoadingDrakMode.swift; sourceTree = "<group>"; };
		1D91862223029202003AAC93 /* LTToastView.m */ = {isa = PBXFileReference; fileEncoding = 4; lastKnownFileType = sourcecode.c.objc; path = LTToastView.m; sourceTree = "<group>"; };
		1D91862323029202003AAC93 /* LTToastView.h */ = {isa = PBXFileReference; fileEncoding = 4; lastKnownFileType = sourcecode.c.h; path = LTToastView.h; sourceTree = "<group>"; };
		9EDA4F4722C609B700A99C9A /* RPToastViewDemo.app */ = {isa = PBXFileReference; explicitFileType = wrapper.application; includeInIndex = 0; path = RPToastViewDemo.app; sourceTree = BUILT_PRODUCTS_DIR; };
		9EDA4F4A22C609B700A99C9A /* AppDelegate.swift */ = {isa = PBXFileReference; lastKnownFileType = sourcecode.swift; path = AppDelegate.swift; sourceTree = "<group>"; };
		9EDA4F4C22C609B700A99C9A /* ViewController.swift */ = {isa = PBXFileReference; lastKnownFileType = sourcecode.swift; path = ViewController.swift; sourceTree = "<group>"; };
		9EDA4F4F22C609B700A99C9A /* Base */ = {isa = PBXFileReference; lastKnownFileType = file.storyboard; name = Base; path = Base.lproj/Main.storyboard; sourceTree = "<group>"; };
		9EDA4F5122C609B700A99C9A /* Assets.xcassets */ = {isa = PBXFileReference; lastKnownFileType = folder.assetcatalog; path = Assets.xcassets; sourceTree = "<group>"; };
		9EDA4F5422C609B700A99C9A /* Base */ = {isa = PBXFileReference; lastKnownFileType = file.storyboard; name = Base; path = Base.lproj/LaunchScreen.storyboard; sourceTree = "<group>"; };
		9EDA4F5622C609B700A99C9A /* Info.plist */ = {isa = PBXFileReference; lastKnownFileType = text.plist.xml; path = Info.plist; sourceTree = "<group>"; };
		9EDA4F5D22C609DE00A99C9A /* RPSubToastView.swift */ = {isa = PBXFileReference; fileEncoding = 4; lastKnownFileType = sourcecode.swift; path = RPSubToastView.swift; sourceTree = "<group>"; };
		9EDA4F5E22C609DE00A99C9A /* RPToastView.swift */ = {isa = PBXFileReference; fileEncoding = 4; lastKnownFileType = sourcecode.swift; path = RPToastView.swift; sourceTree = "<group>"; };
		9EDAB56122C9AAF800C05CEC /* RPLodingView.swift */ = {isa = PBXFileReference; lastKnownFileType = sourcecode.swift; path = RPLodingView.swift; sourceTree = "<group>"; };
/* End PBXFileReference section */

/* Begin PBXFrameworksBuildPhase section */
		1D0E0B692507787F0035FF8E /* Frameworks */ = {
			isa = PBXFrameworksBuildPhase;
			buildActionMask = 2147483647;
			files = (
			);
			runOnlyForDeploymentPostprocessing = 0;
		};
		9EDA4F4422C609B700A99C9A /* Frameworks */ = {
			isa = PBXFrameworksBuildPhase;
			buildActionMask = 2147483647;
			files = (
			);
			runOnlyForDeploymentPostprocessing = 0;
		};
/* End PBXFrameworksBuildPhase section */

/* Begin PBXGroup section */
		1D0E0B1B250773EF0035FF8E /* RPToastView */ = {
			isa = PBXGroup;
			children = (
				1D0E0B1C250773EF0035FF8E /* RPToastView.h */,
				1D0E0B1D250773EF0035FF8E /* Info.plist */,
			);
			path = RPToastView;
			sourceTree = "<group>";
		};
		1D0E0B6D2507787F0035FF8E /* RPToastView */ = {
			isa = PBXGroup;
			children = (
				1D0E0B6E2507787F0035FF8E /* RPToastView.h */,
				1D0E0B6F2507787F0035FF8E /* Info.plist */,
			);
			path = RPToastView;
			sourceTree = "<group>";
		};
		1D91862123029202003AAC93 /* LTToastView */ = {
			isa = PBXGroup;
			children = (
				1D91862323029202003AAC93 /* LTToastView.h */,
				1D91862223029202003AAC93 /* LTToastView.m */,
			);
			path = LTToastView;
			sourceTree = "<group>";
		};
		9EDA4F3E22C609B700A99C9A = {
			isa = PBXGroup;
			children = (
				9EDA4F4922C609B700A99C9A /* RPToastViewDemo */,
				1D0E0B1B250773EF0035FF8E /* RPToastView */,
				1D0E0B6D2507787F0035FF8E /* RPToastView */,
				9EDA4F4822C609B700A99C9A /* Products */,
			);
			sourceTree = "<group>";
		};
		9EDA4F4822C609B700A99C9A /* Products */ = {
			isa = PBXGroup;
			children = (
				9EDA4F4722C609B700A99C9A /* RPToastViewDemo.app */,
				1D0E0B6C2507787F0035FF8E /* RPToastView.framework */,
			);
			name = Products;
			sourceTree = "<group>";
		};
		9EDA4F4922C609B700A99C9A /* RPToastViewDemo */ = {
			isa = PBXGroup;
			children = (
				1D91862123029202003AAC93 /* LTToastView */,
				9EDA4F5C22C609C200A99C9A /* RPToastView */,
				9EDA4F4A22C609B700A99C9A /* AppDelegate.swift */,
				9EDA4F4C22C609B700A99C9A /* ViewController.swift */,
				9EDA4F4E22C609B700A99C9A /* Main.storyboard */,
				9EDA4F5122C609B700A99C9A /* Assets.xcassets */,
				9EDA4F5322C609B700A99C9A /* LaunchScreen.storyboard */,
				9EDA4F5622C609B700A99C9A /* Info.plist */,
			);
			path = RPToastViewDemo;
			sourceTree = "<group>";
		};
		9EDA4F5C22C609C200A99C9A /* RPToastView */ = {
			isa = PBXGroup;
			children = (
				9EDAB56122C9AAF800C05CEC /* RPLodingView.swift */,
				9EDA4F5D22C609DE00A99C9A /* RPSubToastView.swift */,
				9EDA4F5E22C609DE00A99C9A /* RPToastView.swift */,
				1D487311250757F40049344D /* RPLoadingDrakMode.swift */,
			);
			path = RPToastView;
			sourceTree = "<group>";
		};
/* End PBXGroup section */

/* Begin PBXHeadersBuildPhase section */
		1D0E0B672507787F0035FF8E /* Headers */ = {
			isa = PBXHeadersBuildPhase;
			buildActionMask = 2147483647;
			files = (
				1D0E0B702507787F0035FF8E /* RPToastView.h in Headers */,
				1D0E0B74250778C90035FF8E /* RPToastView.swift in Headers */,
				1D0E0B75250778C90035FF8E /* RPLoadingDrakMode.swift in Headers */,
				1D0E0B76250778F40035FF8E /* RPLodingView.swift in Headers */,
				1D0E0B77250778F40035FF8E /* RPSubToastView.swift in Headers */,
			);
			runOnlyForDeploymentPostprocessing = 0;
		};
/* End PBXHeadersBuildPhase section */

/* Begin PBXNativeTarget section */
		1D0E0B6B2507787F0035FF8E /* RPToastView */ = {
			isa = PBXNativeTarget;
			buildConfigurationList = 1D0E0B712507787F0035FF8E /* Build configuration list for PBXNativeTarget "RPToastView" */;
			buildPhases = (
				1D0E0B672507787F0035FF8E /* Headers */,
				1D0E0B682507787F0035FF8E /* Sources */,
				1D0E0B692507787F0035FF8E /* Frameworks */,
				1D0E0B6A2507787F0035FF8E /* Resources */,
			);
			buildRules = (
			);
			dependencies = (
			);
			name = RPToastView;
			productName = RPToastView;
			productReference = 1D0E0B6C2507787F0035FF8E /* RPToastView.framework */;
			productType = "com.apple.product-type.framework";
		};
		9EDA4F4622C609B700A99C9A /* RPToastViewDemo */ = {
			isa = PBXNativeTarget;
			buildConfigurationList = 9EDA4F5922C609B700A99C9A /* Build configuration list for PBXNativeTarget "RPToastViewDemo" */;
			buildPhases = (
				9EDA4F4322C609B700A99C9A /* Sources */,
				9EDA4F4422C609B700A99C9A /* Frameworks */,
				9EDA4F4522C609B700A99C9A /* Resources */,
				1D0E0B23250773EF0035FF8E /* Embed Frameworks */,
			);
			buildRules = (
			);
			dependencies = (
			);
			name = RPToastViewDemo;
			productName = RPToastViewDemo;
			productReference = 9EDA4F4722C609B700A99C9A /* RPToastViewDemo.app */;
			productType = "com.apple.product-type.application";
		};
/* End PBXNativeTarget section */

/* Begin PBXProject section */
		9EDA4F3F22C609B700A99C9A /* Project object */ = {
			isa = PBXProject;
			attributes = {
				CLASSPREFIX = "";
				LastSwiftUpdateCheck = 1020;
				LastUpgradeCheck = 1020;
				ORGANIZATIONNAME = "Beijing Physical Fitness Sport Science and Technology Co.,Ltd.";
				TargetAttributes = {
					1D0E0B6B2507787F0035FF8E = {
						CreatedOnToolsVersion = 11.7;
					};
					9EDA4F4622C609B700A99C9A = {
						CreatedOnToolsVersion = 10.2.1;
					};
				};
			};
			buildConfigurationList = 9EDA4F4222C609B700A99C9A /* Build configuration list for PBXProject "RPToastViewDemo" */;
			compatibilityVersion = "Xcode 9.3";
			developmentRegion = en;
			hasScannedForEncodings = 0;
			knownRegions = (
				en,
				Base,
			);
			mainGroup = 9EDA4F3E22C609B700A99C9A;
			productRefGroup = 9EDA4F4822C609B700A99C9A /* Products */;
			projectDirPath = "";
			projectRoot = "";
			targets = (
				9EDA4F4622C609B700A99C9A /* RPToastViewDemo */,
				1D0E0B6B2507787F0035FF8E /* RPToastView */,
			);
		};
/* End PBXProject section */

/* Begin PBXResourcesBuildPhase section */
		1D0E0B6A2507787F0035FF8E /* Resources */ = {
			isa = PBXResourcesBuildPhase;
			buildActionMask = 2147483647;
			files = (
			);
			runOnlyForDeploymentPostprocessing = 0;
		};
		9EDA4F4522C609B700A99C9A /* Resources */ = {
			isa = PBXResourcesBuildPhase;
			buildActionMask = 2147483647;
			files = (
				9EDA4F5522C609B700A99C9A /* LaunchScreen.storyboard in Resources */,
				9EDA4F5222C609B700A99C9A /* Assets.xcassets in Resources */,
				9EDA4F5022C609B700A99C9A /* Main.storyboard in Resources */,
			);
			runOnlyForDeploymentPostprocessing = 0;
		};
/* End PBXResourcesBuildPhase section */

/* Begin PBXSourcesBuildPhase section */
		1D0E0B682507787F0035FF8E /* Sources */ = {
			isa = PBXSourcesBuildPhase;
			buildActionMask = 2147483647;
			files = (
			);
			runOnlyForDeploymentPostprocessing = 0;
		};
		9EDA4F4322C609B700A99C9A /* Sources */ = {
			isa = PBXSourcesBuildPhase;
			buildActionMask = 2147483647;
			files = (
				1D487312250757F40049344D /* RPLoadingDrakMode.swift in Sources */,
				9EDA4F6022C609DE00A99C9A /* RPToastView.swift in Sources */,
				9EDA4F4D22C609B700A99C9A /* ViewController.swift in Sources */,
				1D91862423029202003AAC93 /* LTToastView.m in Sources */,
				9EDA4F4B22C609B700A99C9A /* AppDelegate.swift in Sources */,
				9EDAB56222C9AAF800C05CEC /* RPLodingView.swift in Sources */,
				9EDA4F5F22C609DE00A99C9A /* RPSubToastView.swift in Sources */,
			);
			runOnlyForDeploymentPostprocessing = 0;
		};
/* End PBXSourcesBuildPhase section */

/* Begin PBXVariantGroup section */
		9EDA4F4E22C609B700A99C9A /* Main.storyboard */ = {
			isa = PBXVariantGroup;
			children = (
				9EDA4F4F22C609B700A99C9A /* Base */,
			);
			name = Main.storyboard;
			sourceTree = "<group>";
		};
		9EDA4F5322C609B700A99C9A /* LaunchScreen.storyboard */ = {
			isa = PBXVariantGroup;
			children = (
				9EDA4F5422C609B700A99C9A /* Base */,
			);
			name = LaunchScreen.storyboard;
			sourceTree = "<group>";
		};
/* End PBXVariantGroup section */

/* Begin XCBuildConfiguration section */
		1D0E0B722507787F0035FF8E /* Debug */ = {
			isa = XCBuildConfiguration;
			buildSettings = {
				CODE_SIGN_STYLE = Automatic;
				CURRENT_PROJECT_VERSION = 1;
				DEFINES_MODULE = YES;
				DEVELOPMENT_TEAM = 7ZY8N8FFCN;
				DYLIB_COMPATIBILITY_VERSION = 1;
				DYLIB_CURRENT_VERSION = 1;
				DYLIB_INSTALL_NAME_BASE = "@rpath";
				INFOPLIST_FILE = RPToastView/Info.plist;
				INSTALL_PATH = "$(LOCAL_LIBRARY_DIR)/Frameworks";
				IPHONEOS_DEPLOYMENT_TARGET = 13.7;
				LD_RUNPATH_SEARCH_PATHS = (
					"$(inherited)",
					"@executable_path/Frameworks",
					"@loader_path/Frameworks",
				);
				PRODUCT_BUNDLE_IDENTIFIER = com.bjtsn.JavaScriptDemo.RPToastView;
				PRODUCT_NAME = "$(TARGET_NAME:c99extidentifier)";
				SKIP_INSTALL = YES;
				SWIFT_VERSION = 5.0;
				TARGETED_DEVICE_FAMILY = "1,2";
				VERSIONING_SYSTEM = "apple-generic";
				VERSION_INFO_PREFIX = "";
			};
			name = Debug;
		};
		1D0E0B732507787F0035FF8E /* Release */ = {
			isa = XCBuildConfiguration;
			buildSettings = {
				CODE_SIGN_STYLE = Automatic;
				CURRENT_PROJECT_VERSION = 1;
				DEFINES_MODULE = YES;
				DEVELOPMENT_TEAM = 7ZY8N8FFCN;
				DYLIB_COMPATIBILITY_VERSION = 1;
				DYLIB_CURRENT_VERSION = 1;
				DYLIB_INSTALL_NAME_BASE = "@rpath";
				INFOPLIST_FILE = RPToastView/Info.plist;
				INSTALL_PATH = "$(LOCAL_LIBRARY_DIR)/Frameworks";
				IPHONEOS_DEPLOYMENT_TARGET = 13.7;
				LD_RUNPATH_SEARCH_PATHS = (
					"$(inherited)",
					"@executable_path/Frameworks",
					"@loader_path/Frameworks",
				);
				PRODUCT_BUNDLE_IDENTIFIER = com.bjtsn.JavaScriptDemo.RPToastView;
				PRODUCT_NAME = "$(TARGET_NAME:c99extidentifier)";
				SKIP_INSTALL = YES;
				SWIFT_VERSION = 5.0;
				TARGETED_DEVICE_FAMILY = "1,2";
				VERSIONING_SYSTEM = "apple-generic";
				VERSION_INFO_PREFIX = "";
			};
			name = Release;
		};
		9EDA4F5722C609B700A99C9A /* Debug */ = {
			isa = XCBuildConfiguration;
			buildSettings = {
				ALWAYS_SEARCH_USER_PATHS = NO;
				CLANG_ANALYZER_NONNULL = YES;
				CLANG_ANALYZER_NUMBER_OBJECT_CONVERSION = YES_AGGRESSIVE;
				CLANG_CXX_LANGUAGE_STANDARD = "gnu++14";
				CLANG_CXX_LIBRARY = "libc++";
				CLANG_ENABLE_MODULES = YES;
				CLANG_ENABLE_OBJC_ARC = YES;
				CLANG_ENABLE_OBJC_WEAK = YES;
				CLANG_WARN_BLOCK_CAPTURE_AUTORELEASING = YES;
				CLANG_WARN_BOOL_CONVERSION = YES;
				CLANG_WARN_COMMA = YES;
				CLANG_WARN_CONSTANT_CONVERSION = YES;
				CLANG_WARN_DEPRECATED_OBJC_IMPLEMENTATIONS = YES;
				CLANG_WARN_DIRECT_OBJC_ISA_USAGE = YES_ERROR;
				CLANG_WARN_DOCUMENTATION_COMMENTS = YES;
				CLANG_WARN_EMPTY_BODY = YES;
				CLANG_WARN_ENUM_CONVERSION = YES;
				CLANG_WARN_INFINITE_RECURSION = YES;
				CLANG_WARN_INT_CONVERSION = YES;
				CLANG_WARN_NON_LITERAL_NULL_CONVERSION = YES;
				CLANG_WARN_OBJC_IMPLICIT_RETAIN_SELF = YES;
				CLANG_WARN_OBJC_LITERAL_CONVERSION = YES;
				CLANG_WARN_OBJC_ROOT_CLASS = YES_ERROR;
				CLANG_WARN_RANGE_LOOP_ANALYSIS = YES;
				CLANG_WARN_STRICT_PROTOTYPES = YES;
				CLANG_WARN_SUSPICIOUS_MOVE = YES;
				CLANG_WARN_UNGUARDED_AVAILABILITY = YES_AGGRESSIVE;
				CLANG_WARN_UNREACHABLE_CODE = YES;
				CLANG_WARN__DUPLICATE_METHOD_MATCH = YES;
				CODE_SIGN_IDENTITY = "iPhone Developer";
				COPY_PHASE_STRIP = NO;
				DEBUG_INFORMATION_FORMAT = dwarf;
				ENABLE_STRICT_OBJC_MSGSEND = YES;
				ENABLE_TESTABILITY = YES;
				GCC_C_LANGUAGE_STANDARD = gnu11;
				GCC_DYNAMIC_NO_PIC = NO;
				GCC_NO_COMMON_BLOCKS = YES;
				GCC_OPTIMIZATION_LEVEL = 0;
				GCC_PREPROCESSOR_DEFINITIONS = (
					"DEBUG=1",
					"$(inherited)",
				);
				GCC_WARN_64_TO_32_BIT_CONVERSION = YES;
				GCC_WARN_ABOUT_RETURN_TYPE = YES_ERROR;
				GCC_WARN_UNDECLARED_SELECTOR = YES;
				GCC_WARN_UNINITIALIZED_AUTOS = YES_AGGRESSIVE;
				GCC_WARN_UNUSED_FUNCTION = YES;
				GCC_WARN_UNUSED_VARIABLE = YES;
				IPHONEOS_DEPLOYMENT_TARGET = 12.2;
				MTL_ENABLE_DEBUG_INFO = INCLUDE_SOURCE;
				MTL_FAST_MATH = YES;
				ONLY_ACTIVE_ARCH = YES;
				SDKROOT = iphoneos;
				SWIFT_ACTIVE_COMPILATION_CONDITIONS = DEBUG;
				SWIFT_OPTIMIZATION_LEVEL = "-Onone";
			};
			name = Debug;
		};
		9EDA4F5822C609B700A99C9A /* Release */ = {
			isa = XCBuildConfiguration;
			buildSettings = {
				ALWAYS_SEARCH_USER_PATHS = NO;
				CLANG_ANALYZER_NONNULL = YES;
				CLANG_ANALYZER_NUMBER_OBJECT_CONVERSION = YES_AGGRESSIVE;
				CLANG_CXX_LANGUAGE_STANDARD = "gnu++14";
				CLANG_CXX_LIBRARY = "libc++";
				CLANG_ENABLE_MODULES = YES;
				CLANG_ENABLE_OBJC_ARC = YES;
				CLANG_ENABLE_OBJC_WEAK = YES;
				CLANG_WARN_BLOCK_CAPTURE_AUTORELEASING = YES;
				CLANG_WARN_BOOL_CONVERSION = YES;
				CLANG_WARN_COMMA = YES;
				CLANG_WARN_CONSTANT_CONVERSION = YES;
				CLANG_WARN_DEPRECATED_OBJC_IMPLEMENTATIONS = YES;
				CLANG_WARN_DIRECT_OBJC_ISA_USAGE = YES_ERROR;
				CLANG_WARN_DOCUMENTATION_COMMENTS = YES;
				CLANG_WARN_EMPTY_BODY = YES;
				CLANG_WARN_ENUM_CONVERSION = YES;
				CLANG_WARN_INFINITE_RECURSION = YES;
				CLANG_WARN_INT_CONVERSION = YES;
				CLANG_WARN_NON_LITERAL_NULL_CONVERSION = YES;
				CLANG_WARN_OBJC_IMPLICIT_RETAIN_SELF = YES;
				CLANG_WARN_OBJC_LITERAL_CONVERSION = YES;
				CLANG_WARN_OBJC_ROOT_CLASS = YES_ERROR;
				CLANG_WARN_RANGE_LOOP_ANALYSIS = YES;
				CLANG_WARN_STRICT_PROTOTYPES = YES;
				CLANG_WARN_SUSPICIOUS_MOVE = YES;
				CLANG_WARN_UNGUARDED_AVAILABILITY = YES_AGGRESSIVE;
				CLANG_WARN_UNREACHABLE_CODE = YES;
				CLANG_WARN__DUPLICATE_METHOD_MATCH = YES;
				CODE_SIGN_IDENTITY = "iPhone Developer";
				COPY_PHASE_STRIP = NO;
				DEBUG_INFORMATION_FORMAT = "dwarf-with-dsym";
				ENABLE_NS_ASSERTIONS = NO;
				ENABLE_STRICT_OBJC_MSGSEND = YES;
				GCC_C_LANGUAGE_STANDARD = gnu11;
				GCC_NO_COMMON_BLOCKS = YES;
				GCC_WARN_64_TO_32_BIT_CONVERSION = YES;
				GCC_WARN_ABOUT_RETURN_TYPE = YES_ERROR;
				GCC_WARN_UNDECLARED_SELECTOR = YES;
				GCC_WARN_UNINITIALIZED_AUTOS = YES_AGGRESSIVE;
				GCC_WARN_UNUSED_FUNCTION = YES;
				GCC_WARN_UNUSED_VARIABLE = YES;
				IPHONEOS_DEPLOYMENT_TARGET = 12.2;
				MTL_ENABLE_DEBUG_INFO = NO;
				MTL_FAST_MATH = YES;
				SDKROOT = iphoneos;
				SWIFT_COMPILATION_MODE = wholemodule;
				SWIFT_OPTIMIZATION_LEVEL = "-O";
				VALIDATE_PRODUCT = YES;
			};
			name = Release;
		};
		9EDA4F5A22C609B700A99C9A /* Debug */ = {
			isa = XCBuildConfiguration;
			buildSettings = {
				ASSETCATALOG_COMPILER_APPICON_NAME = AppIcon;
				CODE_SIGN_STYLE = Automatic;
				DEVELOPMENT_TEAM = 7ZY8N8FFCN;
				INFOPLIST_FILE = RPToastViewDemo/Info.plist;
				LD_RUNPATH_SEARCH_PATHS = (
					"$(inherited)",
					"@executable_path/Frameworks",
				);
				PRODUCT_BUNDLE_IDENTIFIER = "-----------------.RPToastViewDemo";
				PRODUCT_NAME = "$(TARGET_NAME)";
				SWIFT_VERSION = 5.0;
				TARGETED_DEVICE_FAMILY = "1,2";
			};
			name = Debug;
		};
		9EDA4F5B22C609B700A99C9A /* Release */ = {
			isa = XCBuildConfiguration;
			buildSettings = {
				ASSETCATALOG_COMPILER_APPICON_NAME = AppIcon;
				CODE_SIGN_STYLE = Automatic;
				DEVELOPMENT_TEAM = 7ZY8N8FFCN;
				INFOPLIST_FILE = RPToastViewDemo/Info.plist;
				LD_RUNPATH_SEARCH_PATHS = (
					"$(inherited)",
					"@executable_path/Frameworks",
				);
				PRODUCT_BUNDLE_IDENTIFIER = "-----------------.RPToastViewDemo";
				PRODUCT_NAME = "$(TARGET_NAME)";
				SWIFT_VERSION = 5.0;
				TARGETED_DEVICE_FAMILY = "1,2";
			};
			name = Release;
		};
/* End XCBuildConfiguration section */

/* Begin XCConfigurationList section */
		1D0E0B712507787F0035FF8E /* Build configuration list for PBXNativeTarget "RPToastView" */ = {
			isa = XCConfigurationList;
			buildConfigurations = (
				1D0E0B722507787F0035FF8E /* Debug */,
				1D0E0B732507787F0035FF8E /* Release */,
			);
			defaultConfigurationIsVisible = 0;
			defaultConfigurationName = Release;
		};
		9EDA4F4222C609B700A99C9A /* Build configuration list for PBXProject "RPToastViewDemo" */ = {
			isa = XCConfigurationList;
			buildConfigurations = (
				9EDA4F5722C609B700A99C9A /* Debug */,
				9EDA4F5822C609B700A99C9A /* Release */,
			);
			defaultConfigurationIsVisible = 0;
			defaultConfigurationName = Release;
		};
		9EDA4F5922C609B700A99C9A /* Build configuration list for PBXNativeTarget "RPToastViewDemo" */ = {
			isa = XCConfigurationList;
			buildConfigurations = (
				9EDA4F5A22C609B700A99C9A /* Debug */,
				9EDA4F5B22C609B700A99C9A /* Release */,
			);
			defaultConfigurationIsVisible = 0;
			defaultConfigurationName = Release;
		};
/* End XCConfigurationList section */
	};
	rootObject = 9EDA4F3F22C609B700A99C9A /* Project object */;
}
